
Microsoft Visual Studio Solution File, Format Version 11.00
# Visual Studio 2010
Project("{FAE04EC0-301F-11D3-BF4B-00C04F79EFBC}") = "MSBuild.VersionModifierTask.Tests", "MSBuild.VersionModifierTask.Tests\MSBuild.VersionModifierTask.Tests.csproj", "{09DCA1F4-05D7-4B0F-8475-C09C52207E84}"
EndProject
Project("{FAE04EC0-301F-11D3-BF4B-00C04F79EFBC}") = "MSBuild.VersionModifierTask", "MSBuild.VersionModifierTask\MSBuild.VersionModifierTask.csproj", "{3A521063-BEEA-4885-806C-737BA5F94468}"
EndProject
Global
	GlobalSection(SolutionConfigurationPlatforms) = preSolution
		Debug|Any CPU = Debug|Any CPU
		Release|Any CPU = Release|Any CPU
	EndGlobalSection
	GlobalSection(ProjectConfigurationPlatforms) = postSolution
		{09DCA1F4-05D7-4B0F-8475-C09C52207E84}.Debug|Any CPU.ActiveCfg = Debug|Any CPU
		{09DCA1F4-05D7-4B0F-8475-C09C52207E84}.Debug|Any CPU.Build.0 = Debug|Any CPU
		{09DCA1F4-05D7-4B0F-8475-C09C52207E84}.Release|Any CPU.ActiveCfg = Release|Any CPU
		{09DCA1F4-05D7-4B0F-8475-C09C52207E84}.Release|Any CPU.Build.0 = Release|Any CPU
		{3A521063-BEEA-4885-806C-737BA5F94468}.Debug|Any CPU.ActiveCfg = Debug|Any CPU
		{3A521063-BEEA-4885-806C-737BA5F94468}.Debug|Any CPU.Build.0 = Debug|Any CPU
		{3A521063-BEEA-4885-806C-737BA5F94468}.Release|Any CPU.ActiveCfg = Release|Any CPU
		{3A521063-BEEA-4885-806C-737BA5F94468}.Release|Any CPU.Build.0 = Release|Any CPU
	EndGlobalSection
	GlobalSection(SolutionProperties) = preSolution
		HideSolutionNode = FALSE
	EndGlobalSection
EndGlobal
